// !$*UTF8*$!
{
	archiveVersion = 1;
	classes = {
	};
	objectVersion = 50;
	objects = {

/* Begin PBXBuildFile section */
		A7183522220D9F750007AFDD /* ToDoTableViewController+UITableViewDataSource.swift in Sources */ = {isa = PBXBuildFile; fileRef = A7183521220D9F750007AFDD /* ToDoTableViewController+UITableViewDataSource.swift */; };
		A7183524220DA1A40007AFDD /* String+Extension.swift in Sources */ = {isa = PBXBuildFile; fileRef = A7183523220DA1A40007AFDD /* String+Extension.swift */; };
		A7183526220DA8130007AFDD /* ToDoTableViewController+UITableViewDelegate.swift in Sources */ = {isa = PBXBuildFile; fileRef = A7183525220DA8130007AFDD /* ToDoTableViewController+UITableViewDelegate.swift */; };
		A7183529220DBA190007AFDD /* ToDoViewController.swift in Sources */ = {isa = PBXBuildFile; fileRef = A7183528220DBA190007AFDD /* ToDoViewController.swift */; };
		A718352B220DCC5C0007AFDD /* ToDoViewController+UITableViewDelegate.swift in Sources */ = {isa = PBXBuildFile; fileRef = A718352A220DCC5C0007AFDD /* ToDoViewController+UITableViewDelegate.swift */; };
		A73A3CB8220C7EFA00C963E3 /* AppDelegate.swift in Sources */ = {isa = PBXBuildFile; fileRef = A73A3CB7220C7EFA00C963E3 /* AppDelegate.swift */; };
		A73A3CBD220C7EFA00C963E3 /* Main.storyboard in Resources */ = {isa = PBXBuildFile; fileRef = A73A3CBB220C7EFA00C963E3 /* Main.storyboard */; };
		A73A3CBF220C7EFC00C963E3 /* Assets.xcassets in Resources */ = {isa = PBXBuildFile; fileRef = A73A3CBE220C7EFC00C963E3 /* Assets.xcassets */; };
		A73A3CC2220C7EFC00C963E3 /* LaunchScreen.storyboard in Resources */ = {isa = PBXBuildFile; fileRef = A73A3CC0220C7EFC00C963E3 /* LaunchScreen.storyboard */; };
		A73A3CCA220C801B00C963E3 /* ToDo.swift in Sources */ = {isa = PBXBuildFile; fileRef = A73A3CC9220C801B00C963E3 /* ToDo.swift */; };
		A73A3CCC220C817E00C963E3 /* ToDoTableViewController.swift in Sources */ = {isa = PBXBuildFile; fileRef = A73A3CCB220C817E00C963E3 /* ToDoTableViewController.swift */; };
/* End PBXBuildFile section */

/* Begin PBXFileReference section */
		A7183521220D9F750007AFDD /* ToDoTableViewController+UITableViewDataSource.swift */ = {isa = PBXFileReference; lastKnownFileType = sourcecode.swift; path = "ToDoTableViewController+UITableViewDataSource.swift"; sourceTree = "<group>"; };
		A7183523220DA1A40007AFDD /* String+Extension.swift */ = {isa = PBXFileReference; lastKnownFileType = sourcecode.swift; path = "String+Extension.swift"; sourceTree = "<group>"; };
		A7183525220DA8130007AFDD /* ToDoTableViewController+UITableViewDelegate.swift */ = {isa = PBXFileReference; lastKnownFileType = sourcecode.swift; path = "ToDoTableViewController+UITableViewDelegate.swift"; sourceTree = "<group>"; };
		A7183528220DBA190007AFDD /* ToDoViewController.swift */ = {isa = PBXFileReference; lastKnownFileType = sourcecode.swift; path = ToDoViewController.swift; sourceTree = "<group>"; };
		A718352A220DCC5C0007AFDD /* ToDoViewController+UITableViewDelegate.swift */ = {isa = PBXFileReference; lastKnownFileType = sourcecode.swift; path = "ToDoViewController+UITableViewDelegate.swift"; sourceTree = "<group>"; };
		A73A3CB4220C7EFA00C963E3 /* To Do List.app */ = {isa = PBXFileReference; explicitFileType = wrapper.application; includeInIndex = 0; path = "To Do List.app"; sourceTree = BUILT_PRODUCTS_DIR; };
		A73A3CB7220C7EFA00C963E3 /* AppDelegate.swift */ = {isa = PBXFileReference; lastKnownFileType = sourcecode.swift; path = AppDelegate.swift; sourceTree = "<group>"; };
		A73A3CBC220C7EFA00C963E3 /* Base */ = {isa = PBXFileReference; lastKnownFileType = file.storyboard; name = Base; path = Base.lproj/Main.storyboard; sourceTree = "<group>"; };
		A73A3CBE220C7EFC00C963E3 /* Assets.xcassets */ = {isa = PBXFileReference; lastKnownFileType = folder.assetcatalog; path = Assets.xcassets; sourceTree = "<group>"; };
		A73A3CC1220C7EFC00C963E3 /* Base */ = {isa = PBXFileReference; lastKnownFileType = file.storyboard; name = Base; path = Base.lproj/LaunchScreen.storyboard; sourceTree = "<group>"; };
		A73A3CC3220C7EFC00C963E3 /* Info.plist */ = {isa = PBXFileReference; lastKnownFileType = text.plist.xml; path = Info.plist; sourceTree = "<group>"; };
		A73A3CC9220C801B00C963E3 /* ToDo.swift */ = {isa = PBXFileReference; lastKnownFileType = sourcecode.swift; path = ToDo.swift; sourceTree = "<group>"; };
		A73A3CCB220C817E00C963E3 /* ToDoTableViewController.swift */ = {isa = PBXFileReference; lastKnownFileType = sourcecode.swift; path = ToDoTableViewController.swift; sourceTree = "<group>"; };
/* End PBXFileReference section */

/* Begin PBXFrameworksBuildPhase section */
		A73A3CB1220C7EFA00C963E3 /* Frameworks */ = {
			isa = PBXFrameworksBuildPhase;
			buildActionMask = 2147483647;
			files = (
			);
			runOnlyForDeploymentPostprocessing = 0;
		};
/* End PBXFrameworksBuildPhase section */

/* Begin PBXGroup section */
		A7183527220DB9C00007AFDD /* ToDoViewController */ = {
			isa = PBXGroup;
			children = (
				A7183528220DBA190007AFDD /* ToDoViewController.swift */,
				A718352A220DCC5C0007AFDD /* ToDoViewController+UITableViewDelegate.swift */,
			);
			path = ToDoViewController;
			sourceTree = "<group>";
		};
		A73A3CAB220C7EFA00C963E3 = {
			isa = PBXGroup;
			children = (
				A73A3CB6220C7EFA00C963E3 /* To Do List */,
				A73A3CB5220C7EFA00C963E3 /* Products */,
			);
			sourceTree = "<group>";
		};
		A73A3CB5220C7EFA00C963E3 /* Products */ = {
			isa = PBXGroup;
			children = (
				A73A3CB4220C7EFA00C963E3 /* To Do List.app */,
			);
			name = Products;
			sourceTree = "<group>";
		};
		A73A3CB6220C7EFA00C963E3 /* To Do List */ = {
			isa = PBXGroup;
			children = (
				A73A3CD0220CA7FD00C963E3 /* Extension */,
				A73A3CCD220CA3FA00C963E3 /* Controllers */,
				A73A3CCE220CA43900C963E3 /* Models */,
				A73A3CB7220C7EFA00C963E3 /* AppDelegate.swift */,
				A73A3CBB220C7EFA00C963E3 /* Main.storyboard */,
				A73A3CBE220C7EFC00C963E3 /* Assets.xcassets */,
				A73A3CC0220C7EFC00C963E3 /* LaunchScreen.storyboard */,
				A73A3CC3220C7EFC00C963E3 /* Info.plist */,
			);
			path = "To Do List";
			sourceTree = "<group>";
		};
		A73A3CCD220CA3FA00C963E3 /* Controllers */ = {
			isa = PBXGroup;
			children = (
				A73A3CCF220CA48A00C963E3 /* ToDoTableViewController */,
				A7183527220DB9C00007AFDD /* ToDoViewController */,
			);
			path = Controllers;
			sourceTree = "<group>";
		};
		A73A3CCE220CA43900C963E3 /* Models */ = {
			isa = PBXGroup;
			children = (
				A73A3CC9220C801B00C963E3 /* ToDo.swift */,
			);
			path = Models;
			sourceTree = "<group>";
		};
		A73A3CCF220CA48A00C963E3 /* ToDoTableViewController */ = {
			isa = PBXGroup;
			children = (
				A73A3CCB220C817E00C963E3 /* ToDoTableViewController.swift */,
				A7183521220D9F750007AFDD /* ToDoTableViewController+UITableViewDataSource.swift */,
				A7183525220DA8130007AFDD /* ToDoTableViewController+UITableViewDelegate.swift */,
			);
			path = ToDoTableViewController;
			sourceTree = "<group>";
		};
		A73A3CD0220CA7FD00C963E3 /* Extension */ = {
			isa = PBXGroup;
			children = (
				A7183523220DA1A40007AFDD /* String+Extension.swift */,
			);
			path = Extension;
			sourceTree = "<group>";
		};
/* End PBXGroup section */

/* Begin PBXNativeTarget section */
		A73A3CB3220C7EFA00C963E3 /* To Do List */ = {
			isa = PBXNativeTarget;
			buildConfigurationList = A73A3CC6220C7EFC00C963E3 /* Build configuration list for PBXNativeTarget "To Do List" */;
			buildPhases = (
				A73A3CB0220C7EFA00C963E3 /* Sources */,
				A73A3CB1220C7EFA00C963E3 /* Frameworks */,
				A73A3CB2220C7EFA00C963E3 /* Resources */,
			);
			buildRules = (
			);
			dependencies = (
			);
			name = "To Do List";
			productName = "To Do List";
			productReference = A73A3CB4220C7EFA00C963E3 /* To Do List.app */;
			productType = "com.apple.product-type.application";
		};
/* End PBXNativeTarget section */

/* Begin PBXProject section */
		A73A3CAC220C7EFA00C963E3 /* Project object */ = {
			isa = PBXProject;
			attributes = {
				LastSwiftUpdateCheck = 1010;
				LastUpgradeCheck = 1010;
				ORGANIZATIONNAME = " Apple24";
				TargetAttributes = {
					A73A3CB3220C7EFA00C963E3 = {
						CreatedOnToolsVersion = 10.1;
					};
				};
			};
			buildConfigurationList = A73A3CAF220C7EFA00C963E3 /* Build configuration list for PBXProject "To Do List" */;
			compatibilityVersion = "Xcode 9.3";
			developmentRegion = en;
			hasScannedForEncodings = 0;
			knownRegions = (
				en,
				Base,
			);
			mainGroup = A73A3CAB220C7EFA00C963E3;
			productRefGroup = A73A3CB5220C7EFA00C963E3 /* Products */;
			projectDirPath = "";
			projectRoot = "";
			targets = (
				A73A3CB3220C7EFA00C963E3 /* To Do List */,
			);
		};
/* End PBXProject section */

/* Begin PBXResourcesBuildPhase section */
		A73A3CB2220C7EFA00C963E3 /* Resources */ = {
			isa = PBXResourcesBuildPhase;
			buildActionMask = 2147483647;
			files = (
				A73A3CC2220C7EFC00C963E3 /* LaunchScreen.storyboard in Resources */,
				A73A3CBF220C7EFC00C963E3 /* Assets.xcassets in Resources */,
				A73A3CBD220C7EFA00C963E3 /* Main.storyboard in Resources */,
			);
			runOnlyForDeploymentPostprocessing = 0;
		};
/* End PBXResourcesBuildPhase section */

/* Begin PBXSourcesBuildPhase section */
		A73A3CB0220C7EFA00C963E3 /* Sources */ = {
			isa = PBXSourcesBuildPhase;
			buildActionMask = 2147483647;
			files = (
				A73A3CB8220C7EFA00C963E3 /* AppDelegate.swift in Sources */,
				A73A3CCC220C817E00C963E3 /* ToDoTableViewController.swift in Sources */,
				A7183522220D9F750007AFDD /* ToDoTableViewController+UITableViewDataSource.swift in Sources */,
				A718352B220DCC5C0007AFDD /* ToDoViewController+UITableViewDelegate.swift in Sources */,
				A7183524220DA1A40007AFDD /* String+Extension.swift in Sources */,
				A7183526220DA8130007AFDD /* ToDoTableViewController+UITableViewDelegate.swift in Sources */,
				A73A3CCA220C801B00C963E3 /* ToDo.swift in Sources */,
				A7183529220DBA190007AFDD /* ToDoViewController.swift in Sources */,
			);
			runOnlyForDeploymentPostprocessing = 0;
		};
/* End PBXSourcesBuildPhase section */

/* Begin PBXVariantGroup section */
		A73A3CBB220C7EFA00C963E3 /* Main.storyboard */ = {
			isa = PBXVariantGroup;
			children = (
				A73A3CBC220C7EFA00C963E3 /* Base */,
			);
			name = Main.storyboard;
			sourceTree = "<group>";
		};
		A73A3CC0220C7EFC00C963E3 /* LaunchScreen.storyboard */ = {
			isa = PBXVariantGroup;
			children = (
				A73A3CC1220C7EFC00C963E3 /* Base */,
			);
			name = LaunchScreen.storyboard;
			sourceTree = "<group>";
		};
/* End PBXVariantGroup section */

/* Begin XCBuildConfiguration section */
		A73A3CC4220C7EFC00C963E3 /* Debug */ = {
			isa = XCBuildConfiguration;
			buildSettings = {
				ALWAYS_SEARCH_USER_PATHS = NO;
				CLANG_ANALYZER_NONNULL = YES;
				CLANG_ANALYZER_NUMBER_OBJECT_CONVERSION = YES_AGGRESSIVE;
				CLANG_CXX_LANGUAGE_STANDARD = "gnu++14";
				CLANG_CXX_LIBRARY = "libc++";
				CLANG_ENABLE_MODULES = YES;
				CLANG_ENABLE_OBJC_ARC = YES;
				CLANG_ENABLE_OBJC_WEAK = YES;
				CLANG_WARN_BLOCK_CAPTURE_AUTORELEASING = YES;
				CLANG_WARN_BOOL_CONVERSION = YES;
				CLANG_WARN_COMMA = YES;
				CLANG_WARN_CONSTANT_CONVERSION = YES;
				CLANG_WARN_DEPRECATED_OBJC_IMPLEMENTATIONS = YES;
				CLANG_WARN_DIRECT_OBJC_ISA_USAGE = YES_ERROR;
				CLANG_WARN_DOCUMENTATION_COMMENTS = YES;
				CLANG_WARN_EMPTY_BODY = YES;
				CLANG_WARN_ENUM_CONVERSION = YES;
				CLANG_WARN_INFINITE_RECURSION = YES;
				CLANG_WARN_INT_CONVERSION = YES;
				CLANG_WARN_NON_LITERAL_NULL_CONVERSION = YES;
				CLANG_WARN_OBJC_IMPLICIT_RETAIN_SELF = YES;
				CLANG_WARN_OBJC_LITERAL_CONVERSION = YES;
				CLANG_WARN_OBJC_ROOT_CLASS = YES_ERROR;
				CLANG_WARN_RANGE_LOOP_ANALYSIS = YES;
				CLANG_WARN_STRICT_PROTOTYPES = YES;
				CLANG_WARN_SUSPICIOUS_MOVE = YES;
				CLANG_WARN_UNGUARDED_AVAILABILITY = YES_AGGRESSIVE;
				CLANG_WARN_UNREACHABLE_CODE = YES;
				CLANG_WARN__DUPLICATE_METHOD_MATCH = YES;
				CODE_SIGN_IDENTITY = "iPhone Developer";
				COPY_PHASE_STRIP = NO;
				DEBUG_INFORMATION_FORMAT = dwarf;
				ENABLE_STRICT_OBJC_MSGSEND = YES;
				ENABLE_TESTABILITY = YES;
				GCC_C_LANGUAGE_STANDARD = gnu11;
				GCC_DYNAMIC_NO_PIC = NO;
				GCC_NO_COMMON_BLOCKS = YES;
				GCC_OPTIMIZATION_LEVEL = 0;
				GCC_PREPROCESSOR_DEFINITIONS = (
					"DEBUG=1",
					"$(inherited)",
				);
				GCC_WARN_64_TO_32_BIT_CONVERSION = YES;
				GCC_WARN_ABOUT_RETURN_TYPE = YES_ERROR;
				GCC_WARN_UNDECLARED_SELECTOR = YES;
				GCC_WARN_UNINITIALIZED_AUTOS = YES_AGGRESSIVE;
				GCC_WARN_UNUSED_FUNCTION = YES;
				GCC_WARN_UNUSED_VARIABLE = YES;
				IPHONEOS_DEPLOYMENT_TARGET = 12.1;
				MTL_ENABLE_DEBUG_INFO = INCLUDE_SOURCE;
				MTL_FAST_MATH = YES;
				ONLY_ACTIVE_ARCH = YES;
				SDKROOT = iphoneos;
				SWIFT_ACTIVE_COMPILATION_CONDITIONS = DEBUG;
				SWIFT_OPTIMIZATION_LEVEL = "-Onone";
			};
			name = Debug;
		};
		A73A3CC5220C7EFC00C963E3 /* Release */ = {
			isa = XCBuildConfiguration;
			buildSettings = {
				ALWAYS_SEARCH_USER_PATHS = NO;
				CLANG_ANALYZER_NONNULL = YES;
				CLANG_ANALYZER_NUMBER_OBJECT_CONVERSION = YES_AGGRESSIVE;
				CLANG_CXX_LANGUAGE_STANDARD = "gnu++14";
				CLANG_CXX_LIBRARY = "libc++";
				CLANG_ENABLE_MODULES = YES;
				CLANG_ENABLE_OBJC_ARC = YES;
				CLANG_ENABLE_OBJC_WEAK = YES;
				CLANG_WARN_BLOCK_CAPTURE_AUTORELEASING = YES;
				CLANG_WARN_BOOL_CONVERSION = YES;
				CLANG_WARN_COMMA = YES;
				CLANG_WARN_CONSTANT_CONVERSION = YES;
				CLANG_WARN_DEPRECATED_OBJC_IMPLEMENTATIONS = YES;
				CLANG_WARN_DIRECT_OBJC_ISA_USAGE = YES_ERROR;
				CLANG_WARN_DOCUMENTATION_COMMENTS = YES;
				CLANG_WARN_EMPTY_BODY = YES;
				CLANG_WARN_ENUM_CONVERSION = YES;
				CLANG_WARN_INFINITE_RECURSION = YES;
				CLANG_WARN_INT_CONVERSION = YES;
				CLANG_WARN_NON_LITERAL_NULL_CONVERSION = YES;
				CLANG_WARN_OBJC_IMPLICIT_RETAIN_SELF = YES;
				CLANG_WARN_OBJC_LITERAL_CONVERSION = YES;
				CLANG_WARN_OBJC_ROOT_CLASS = YES_ERROR;
				CLANG_WARN_RANGE_LOOP_ANALYSIS = YES;
				CLANG_WARN_STRICT_PROTOTYPES = YES;
				CLANG_WARN_SUSPICIOUS_MOVE = YES;
				CLANG_WARN_UNGUARDED_AVAILABILITY = YES_AGGRESSIVE;
				CLANG_WARN_UNREACHABLE_CODE = YES;
				CLANG_WARN__DUPLICATE_METHOD_MATCH = YES;
				CODE_SIGN_IDENTITY = "iPhone Developer";
				COPY_PHASE_STRIP = NO;
				DEBUG_INFORMATION_FORMAT = "dwarf-with-dsym";
				ENABLE_NS_ASSERTIONS = NO;
				ENABLE_STRICT_OBJC_MSGSEND = YES;
				GCC_C_LANGUAGE_STANDARD = gnu11;
				GCC_NO_COMMON_BLOCKS = YES;
				GCC_WARN_64_TO_32_BIT_CONVERSION = YES;
				GCC_WARN_ABOUT_RETURN_TYPE = YES_ERROR;
				GCC_WARN_UNDECLARED_SELECTOR = YES;
				GCC_WARN_UNINITIALIZED_AUTOS = YES_AGGRESSIVE;
				GCC_WARN_UNUSED_FUNCTION = YES;
				GCC_WARN_UNUSED_VARIABLE = YES;
				IPHONEOS_DEPLOYMENT_TARGET = 12.1;
				MTL_ENABLE_DEBUG_INFO = NO;
				MTL_FAST_MATH = YES;
				SDKROOT = iphoneos;
				SWIFT_COMPILATION_MODE = wholemodule;
				SWIFT_OPTIMIZATION_LEVEL = "-O";
				VALIDATE_PRODUCT = YES;
			};
			name = Release;
		};
		A73A3CC7220C7EFC00C963E3 /* Debug */ = {
			isa = XCBuildConfiguration;
			buildSettings = {
				ASSETCATALOG_COMPILER_APPICON_NAME = AppIcon;
				CODE_SIGN_STYLE = Automatic;
				DEVELOPMENT_TEAM = 2Q42B6644V;
				INFOPLIST_FILE = "To Do List/Info.plist";
				LD_RUNPATH_SEARCH_PATHS = (
					"$(inherited)",
					"@executable_path/Frameworks",
				);
				PRODUCT_BUNDLE_IDENTIFIER = "ru.appApple24.To-Do-List";
				PRODUCT_NAME = "$(TARGET_NAME)";
				SWIFT_VERSION = 4.2;
				TARGETED_DEVICE_FAMILY = "1,2";
			};
			name = Debug;
		};
		A73A3CC8220C7EFC00C963E3 /* Release */ = {
			isa = XCBuildConfiguration;
			buildSettings = {
				ASSETCATALOG_COMPILER_APPICON_NAME = AppIcon;
				CODE_SIGN_STYLE = Automatic;
				DEVELOPMENT_TEAM = 2Q42B6644V;
				INFOPLIST_FILE = "To Do List/Info.plist";
				LD_RUNPATH_SEARCH_PATHS = (
					"$(inherited)",
					"@executable_path/Frameworks",
				);
				PRODUCT_BUNDLE_IDENTIFIER = "ru.appApple24.To-Do-List";
				PRODUCT_NAME = "$(TARGET_NAME)";
				SWIFT_VERSION = 4.2;
				TARGETED_DEVICE_FAMILY = "1,2";
			};
			name = Release;
		};
/* End XCBuildConfiguration section */

/* Begin XCConfigurationList section */
		A73A3CAF220C7EFA00C963E3 /* Build configuration list for PBXProject "To Do List" */ = {
			isa = XCConfigurationList;
			buildConfigurations = (
				A73A3CC4220C7EFC00C963E3 /* Debug */,
				A73A3CC5220C7EFC00C963E3 /* Release */,
			);
			defaultConfigurationIsVisible = 0;
			defaultConfigurationName = Release;
		};
		A73A3CC6220C7EFC00C963E3 /* Build configuration list for PBXNativeTarget "To Do List" */ = {
			isa = XCConfigurationList;
			buildConfigurations = (
				A73A3CC7220C7EFC00C963E3 /* Debug */,
				A73A3CC8220C7EFC00C963E3 /* Release */,
			);
			defaultConfigurationIsVisible = 0;
			defaultConfigurationName = Release;
		};
/* End XCConfigurationList section */
	};
	rootObject = A73A3CAC220C7EFA00C963E3 /* Project object */;
}
